
Microsoft Visual Studio Solution File, Format Version 12.00
# Visual Studio Version 16
VisualStudioVersion = 16.0.31515.178
MinimumVisualStudioVersion = 10.0.40219.1
Project("{9A19103F-16F7-4668-BE54-9A1E7A4F7556}") = "EcomLab.CatalogService.Api", "EcomLab.CatalogService.Api\EcomLab.CatalogService.Api.csproj", "{A2588F77-56AB-4E4E-8FD4-1DD58AAAB13C}"
EndProject
Project("{E53339B2-1760-4266-BCC7-CA923CBCF16C}") = "docker-compose", "docker-compose.dcproj", "{CF2EE668-FC49-4793-988E-D53336265A82}"
EndProject
Global
	GlobalSection(SolutionConfigurationPlatforms) = preSolution
		Debug|Any CPU = Debug|Any CPU
		Release|Any CPU = Release|Any CPU
	EndGlobalSection
	GlobalSection(ProjectConfigurationPlatforms) = postSolution
		{A2588F77-56AB-4E4E-8FD4-1DD58AAAB13C}.Debug|Any CPU.ActiveCfg = Debug|Any CPU
		{A2588F77-56AB-4E4E-8FD4-1DD58AAAB13C}.Debug|Any CPU.Build.0 = Debug|Any CPU
		{A2588F77-56AB-4E4E-8FD4-1DD58AAAB13C}.Release|Any CPU.ActiveCfg = Release|Any CPU
		{A2588F77-56AB-4E4E-8FD4-1DD58AAAB13C}.Release|Any CPU.Build.0 = Release|Any CPU
		{CF2EE668-FC49-4793-988E-D53336265A82}.Debug|Any CPU.ActiveCfg = Debug|Any CPU
		{CF2EE668-FC49-4793-988E-D53336265A82}.Debug|Any CPU.Build.0 = Debug|Any CPU
		{CF2EE668-FC49-4793-988E-D53336265A82}.Release|Any CPU.ActiveCfg = Release|Any CPU
		{CF2EE668-FC49-4793-988E-D53336265A82}.Release|Any CPU.Build.0 = Release|Any CPU
	EndGlobalSection
	GlobalSection(SolutionProperties) = preSolution
		HideSolutionNode = FALSE
	EndGlobalSection
	GlobalSection(ExtensibilityGlobals) = postSolution
		SolutionGuid = {20C78EAC-B968-4CC4-B77F-9C0ABD201B23}
	EndGlobalSection
EndGlobal
